
Microsoft Visual Studio Solution File, Format Version 11.00
# Visual Studio 2010
Project("{FAE04EC0-301F-11D3-BF4B-00C04F79EFBC}") = "10265-08", "10265-08\10265-08.csproj", "{8930A9F2-77D1-45FE-A55E-EED6FCD06FC2}"
EndProject
Project("{FAE04EC0-301F-11D3-BF4B-00C04F79EFBC}") = "001-AW", "001-AW\001-AW.csproj", "{591E186E-DDCB-4C31-A38F-9EA85434E764}"
EndProject
Project("{FAE04EC0-301F-11D3-BF4B-00C04F79EFBC}") = "002-Consome001AW", "002-Consome001AW\002-Consome001AW.csproj", "{A2C20C02-02FA-4989-B7BD-5FAF2ABBF211}"
EndProject
Global
	GlobalSection(SolutionConfigurationPlatforms) = preSolution
		Debug|Any CPU = Debug|Any CPU
		Debug|Mixed Platforms = Debug|Mixed Platforms
		Debug|x86 = Debug|x86
		Release|Any CPU = Release|Any CPU
		Release|Mixed Platforms = Release|Mixed Platforms
		Release|x86 = Release|x86
	EndGlobalSection
	GlobalSection(ProjectConfigurationPlatforms) = postSolution
		{8930A9F2-77D1-45FE-A55E-EED6FCD06FC2}.Debug|Any CPU.ActiveCfg = Debug|x86
		{8930A9F2-77D1-45FE-A55E-EED6FCD06FC2}.Debug|Mixed Platforms.ActiveCfg = Debug|x86
		{8930A9F2-77D1-45FE-A55E-EED6FCD06FC2}.Debug|Mixed Platforms.Build.0 = Debug|x86
		{8930A9F2-77D1-45FE-A55E-EED6FCD06FC2}.Debug|x86.ActiveCfg = Debug|x86
		{8930A9F2-77D1-45FE-A55E-EED6FCD06FC2}.Debug|x86.Build.0 = Debug|x86
		{8930A9F2-77D1-45FE-A55E-EED6FCD06FC2}.Release|Any CPU.ActiveCfg = Release|x86
		{8930A9F2-77D1-45FE-A55E-EED6FCD06FC2}.Release|Mixed Platforms.ActiveCfg = Release|x86
		{8930A9F2-77D1-45FE-A55E-EED6FCD06FC2}.Release|Mixed Platforms.Build.0 = Release|x86
		{8930A9F2-77D1-45FE-A55E-EED6FCD06FC2}.Release|x86.ActiveCfg = Release|x86
		{8930A9F2-77D1-45FE-A55E-EED6FCD06FC2}.Release|x86.Build.0 = Release|x86
		{591E186E-DDCB-4C31-A38F-9EA85434E764}.Debug|Any CPU.ActiveCfg = Debug|Any CPU
		{591E186E-DDCB-4C31-A38F-9EA85434E764}.Debug|Any CPU.Build.0 = Debug|Any CPU
		{591E186E-DDCB-4C31-A38F-9EA85434E764}.Debug|Mixed Platforms.ActiveCfg = Debug|Any CPU
		{591E186E-DDCB-4C31-A38F-9EA85434E764}.Debug|Mixed Platforms.Build.0 = Debug|Any CPU
		{591E186E-DDCB-4C31-A38F-9EA85434E764}.Debug|x86.ActiveCfg = Debug|Any CPU
		{591E186E-DDCB-4C31-A38F-9EA85434E764}.Release|Any CPU.ActiveCfg = Release|Any CPU
		{591E186E-DDCB-4C31-A38F-9EA85434E764}.Release|Any CPU.Build.0 = Release|Any CPU
		{591E186E-DDCB-4C31-A38F-9EA85434E764}.Release|Mixed Platforms.ActiveCfg = Release|Any CPU
		{591E186E-DDCB-4C31-A38F-9EA85434E764}.Release|Mixed Platforms.Build.0 = Release|Any CPU
		{591E186E-DDCB-4C31-A38F-9EA85434E764}.Release|x86.ActiveCfg = Release|Any CPU
		{A2C20C02-02FA-4989-B7BD-5FAF2ABBF211}.Debug|Any CPU.ActiveCfg = Debug|x86
		{A2C20C02-02FA-4989-B7BD-5FAF2ABBF211}.Debug|Mixed Platforms.ActiveCfg = Debug|x86
		{A2C20C02-02FA-4989-B7BD-5FAF2ABBF211}.Debug|Mixed Platforms.Build.0 = Debug|x86
		{A2C20C02-02FA-4989-B7BD-5FAF2ABBF211}.Debug|x86.ActiveCfg = Debug|x86
		{A2C20C02-02FA-4989-B7BD-5FAF2ABBF211}.Debug|x86.Build.0 = Debug|x86
		{A2C20C02-02FA-4989-B7BD-5FAF2ABBF211}.Release|Any CPU.ActiveCfg = Release|x86
		{A2C20C02-02FA-4989-B7BD-5FAF2ABBF211}.Release|Mixed Platforms.ActiveCfg = Release|x86
		{A2C20C02-02FA-4989-B7BD-5FAF2ABBF211}.Release|Mixed Platforms.Build.0 = Release|x86
		{A2C20C02-02FA-4989-B7BD-5FAF2ABBF211}.Release|x86.ActiveCfg = Release|x86
		{A2C20C02-02FA-4989-B7BD-5FAF2ABBF211}.Release|x86.Build.0 = Release|x86
	EndGlobalSection
	GlobalSection(SolutionProperties) = preSolution
		HideSolutionNode = FALSE
	EndGlobalSection
EndGlobal
