
Microsoft Visual Studio Solution File, Format Version 11.00
# Visual Studio 2010
Project("{FAE04EC0-301F-11D3-BF4B-00C04F79EFBC}") = "10265-15", "10265-15\10265-15.csproj", "{BF3E6D49-AC99-400C-AA18-5B1A976E37B6}"
EndProject
Project("{FAE04EC0-301F-11D3-BF4B-00C04F79EFBC}") = "001-LinqToObjects", "001-LinqToObjects\001-LinqToObjects.csproj", "{A9FCE5E1-06D3-4C09-93E6-47A65DEA09A8}"
EndProject
Project("{FAE04EC0-301F-11D3-BF4B-00C04F79EFBC}") = "002-Where", "002-Where\002-Where.csproj", "{FE0E8821-0206-4D6F-BDFE-D63AD44FD91C}"
EndProject
Project("{FAE04EC0-301F-11D3-BF4B-00C04F79EFBC}") = "003-OrderBy", "003-OrderBy\003-OrderBy.csproj", "{0AC13036-643F-47E8-B891-FCF6E6FE22D8}"
EndProject
Project("{FAE04EC0-301F-11D3-BF4B-00C04F79EFBC}") = "004-Lambda", "004-Lambda\004-Lambda.csproj", "{EB386E56-5611-477B-8F20-F04195D60481}"
EndProject
Project("{FAE04EC0-301F-11D3-BF4B-00C04F79EFBC}") = "005-TipoAnonimo", "005-TipoAnonimo\005-TipoAnonimo.csproj", "{076EC364-3626-4562-BE28-34E319E6415A}"
EndProject
Project("{FAE04EC0-301F-11D3-BF4B-00C04F79EFBC}") = "006-DeferredQueryExecution", "006-DeferredQueryExecution\006-DeferredQueryExecution.csproj", "{DB191964-AD2F-4204-93D2-85E7D9042F57}"
EndProject
Project("{FAE04EC0-301F-11D3-BF4B-00C04F79EFBC}") = "007-ArrayObjects", "007-ArrayObjects\007-ArrayObjects.csproj", "{83D07247-7916-4099-9EFA-23084ACEEFDD}"
EndProject
Project("{FAE04EC0-301F-11D3-BF4B-00C04F79EFBC}") = "008-TypedArray", "008-TypedArray\008-TypedArray.csproj", "{30031746-D61C-4F50-A132-A26992B7F39B}"
EndProject
Project("{FAE04EC0-301F-11D3-BF4B-00C04F79EFBC}") = "009-GenericList", "009-GenericList\009-GenericList.csproj", "{0617A16D-D78E-4017-9F9F-4B62932CBFA3}"
EndProject
Project("{FAE04EC0-301F-11D3-BF4B-00C04F79EFBC}") = "010-Dictionary", "010-Dictionary\010-Dictionary.csproj", "{735958EF-9A7A-42A2-87CE-30B405BA6BAB}"
EndProject
Project("{FAE04EC0-301F-11D3-BF4B-00C04F79EFBC}") = "011-Count", "011-Count\011-Count.csproj", "{FC756E05-E34D-4C35-9B61-5A800CDBDB19}"
EndProject
Project("{FAE04EC0-301F-11D3-BF4B-00C04F79EFBC}") = "012-Where", "012-Where\012-Where.csproj", "{315EAE8B-57C5-45F9-BB2D-283566A63079}"
EndProject
Project("{FAE04EC0-301F-11D3-BF4B-00C04F79EFBC}") = "013-SelectMany", "013-SelectMany\013-SelectMany.csproj", "{BF99CB91-4AA2-4861-90C1-6C199E750DB4}"
EndProject
Project("{FAE04EC0-301F-11D3-BF4B-00C04F79EFBC}") = "014-Index", "014-Index\014-Index.csproj", "{5E511470-6B80-490A-906F-B8472F979CB3}"
EndProject
Project("{FAE04EC0-301F-11D3-BF4B-00C04F79EFBC}") = "015-Distinct", "015-Distinct\015-Distinct.csproj", "{AAEA20E2-B769-4948-9668-785877DD772F}"
EndProject
Project("{FAE04EC0-301F-11D3-BF4B-00C04F79EFBC}") = "016-Iterator", "016-Iterator\016-Iterator.csproj", "{035C348C-2E96-43F4-927F-9DA069A3CD0E}"
EndProject
Project("{FAE04EC0-301F-11D3-BF4B-00C04F79EFBC}") = "017-Agregacoes", "017-Agregacoes\017-Agregacoes.csproj", "{D38C75E2-5EB6-4782-B7D3-B3EABA65E132}"
EndProject
Project("{FAE04EC0-301F-11D3-BF4B-00C04F79EFBC}") = "018-OrderByThenBy", "018-OrderByThenBy\018-OrderByThenBy.csproj", "{C340B283-0E12-4248-BEE0-CB19C5C5CDE4}"
EndProject
Project("{FAE04EC0-301F-11D3-BF4B-00C04F79EFBC}") = "019-NonGenericCollections", "019-NonGenericCollections\019-NonGenericCollections.csproj", "{283A7697-F41E-41CD-A451-CCD6202060A6}"
EndProject
Project("{FAE04EC0-301F-11D3-BF4B-00C04F79EFBC}") = "020-GroupBy", "020-GroupBy\020-GroupBy.csproj", "{908CDDB6-CC42-4DCB-BBDE-56668B25F471}"
EndProject
Project("{FAE04EC0-301F-11D3-BF4B-00C04F79EFBC}") = "021-LinqToDataSet", "021-LinqToDataSet\021-LinqToDataSet.csproj", "{D45298EE-2CF2-4CB6-8D53-F1F5C44C253D}"
EndProject
Project("{FAE04EC0-301F-11D3-BF4B-00C04F79EFBC}") = "022-LinqToSql", "022-LinqToSql\022-LinqToSql.csproj", "{798D4055-9CE5-46CB-B6FB-4005417F33F1}"
EndProject
Project("{FAE04EC0-301F-11D3-BF4B-00C04F79EFBC}") = "023-Update", "023-Update\023-Update.csproj", "{A38AD040-1F92-45D8-B8C6-491A5C761E74}"
EndProject
Project("{FAE04EC0-301F-11D3-BF4B-00C04F79EFBC}") = "024-InsertDelete", "024-InsertDelete\024-InsertDelete.csproj", "{F87A7BF9-1CD0-422E-919E-FF2B74A2F1EC}"
EndProject
Global
	GlobalSection(SolutionConfigurationPlatforms) = preSolution
		Debug|x86 = Debug|x86
		Release|x86 = Release|x86
	EndGlobalSection
	GlobalSection(ProjectConfigurationPlatforms) = postSolution
		{BF3E6D49-AC99-400C-AA18-5B1A976E37B6}.Debug|x86.ActiveCfg = Debug|x86
		{BF3E6D49-AC99-400C-AA18-5B1A976E37B6}.Debug|x86.Build.0 = Debug|x86
		{BF3E6D49-AC99-400C-AA18-5B1A976E37B6}.Release|x86.ActiveCfg = Release|x86
		{BF3E6D49-AC99-400C-AA18-5B1A976E37B6}.Release|x86.Build.0 = Release|x86
		{A9FCE5E1-06D3-4C09-93E6-47A65DEA09A8}.Debug|x86.ActiveCfg = Debug|x86
		{A9FCE5E1-06D3-4C09-93E6-47A65DEA09A8}.Debug|x86.Build.0 = Debug|x86
		{A9FCE5E1-06D3-4C09-93E6-47A65DEA09A8}.Release|x86.ActiveCfg = Release|x86
		{A9FCE5E1-06D3-4C09-93E6-47A65DEA09A8}.Release|x86.Build.0 = Release|x86
		{FE0E8821-0206-4D6F-BDFE-D63AD44FD91C}.Debug|x86.ActiveCfg = Debug|x86
		{FE0E8821-0206-4D6F-BDFE-D63AD44FD91C}.Debug|x86.Build.0 = Debug|x86
		{FE0E8821-0206-4D6F-BDFE-D63AD44FD91C}.Release|x86.ActiveCfg = Release|x86
		{FE0E8821-0206-4D6F-BDFE-D63AD44FD91C}.Release|x86.Build.0 = Release|x86
		{0AC13036-643F-47E8-B891-FCF6E6FE22D8}.Debug|x86.ActiveCfg = Debug|x86
		{0AC13036-643F-47E8-B891-FCF6E6FE22D8}.Debug|x86.Build.0 = Debug|x86
		{0AC13036-643F-47E8-B891-FCF6E6FE22D8}.Release|x86.ActiveCfg = Release|x86
		{0AC13036-643F-47E8-B891-FCF6E6FE22D8}.Release|x86.Build.0 = Release|x86
		{EB386E56-5611-477B-8F20-F04195D60481}.Debug|x86.ActiveCfg = Debug|x86
		{EB386E56-5611-477B-8F20-F04195D60481}.Debug|x86.Build.0 = Debug|x86
		{EB386E56-5611-477B-8F20-F04195D60481}.Release|x86.ActiveCfg = Release|x86
		{EB386E56-5611-477B-8F20-F04195D60481}.Release|x86.Build.0 = Release|x86
		{076EC364-3626-4562-BE28-34E319E6415A}.Debug|x86.ActiveCfg = Debug|x86
		{076EC364-3626-4562-BE28-34E319E6415A}.Debug|x86.Build.0 = Debug|x86
		{076EC364-3626-4562-BE28-34E319E6415A}.Release|x86.ActiveCfg = Release|x86
		{076EC364-3626-4562-BE28-34E319E6415A}.Release|x86.Build.0 = Release|x86
		{DB191964-AD2F-4204-93D2-85E7D9042F57}.Debug|x86.ActiveCfg = Debug|x86
		{DB191964-AD2F-4204-93D2-85E7D9042F57}.Debug|x86.Build.0 = Debug|x86
		{DB191964-AD2F-4204-93D2-85E7D9042F57}.Release|x86.ActiveCfg = Release|x86
		{DB191964-AD2F-4204-93D2-85E7D9042F57}.Release|x86.Build.0 = Release|x86
		{83D07247-7916-4099-9EFA-23084ACEEFDD}.Debug|x86.ActiveCfg = Debug|x86
		{83D07247-7916-4099-9EFA-23084ACEEFDD}.Debug|x86.Build.0 = Debug|x86
		{83D07247-7916-4099-9EFA-23084ACEEFDD}.Release|x86.ActiveCfg = Release|x86
		{83D07247-7916-4099-9EFA-23084ACEEFDD}.Release|x86.Build.0 = Release|x86
		{30031746-D61C-4F50-A132-A26992B7F39B}.Debug|x86.ActiveCfg = Debug|x86
		{30031746-D61C-4F50-A132-A26992B7F39B}.Debug|x86.Build.0 = Debug|x86
		{30031746-D61C-4F50-A132-A26992B7F39B}.Release|x86.ActiveCfg = Release|x86
		{30031746-D61C-4F50-A132-A26992B7F39B}.Release|x86.Build.0 = Release|x86
		{0617A16D-D78E-4017-9F9F-4B62932CBFA3}.Debug|x86.ActiveCfg = Debug|x86
		{0617A16D-D78E-4017-9F9F-4B62932CBFA3}.Debug|x86.Build.0 = Debug|x86
		{0617A16D-D78E-4017-9F9F-4B62932CBFA3}.Release|x86.ActiveCfg = Release|x86
		{0617A16D-D78E-4017-9F9F-4B62932CBFA3}.Release|x86.Build.0 = Release|x86
		{735958EF-9A7A-42A2-87CE-30B405BA6BAB}.Debug|x86.ActiveCfg = Debug|x86
		{735958EF-9A7A-42A2-87CE-30B405BA6BAB}.Debug|x86.Build.0 = Debug|x86
		{735958EF-9A7A-42A2-87CE-30B405BA6BAB}.Release|x86.ActiveCfg = Release|x86
		{735958EF-9A7A-42A2-87CE-30B405BA6BAB}.Release|x86.Build.0 = Release|x86
		{FC756E05-E34D-4C35-9B61-5A800CDBDB19}.Debug|x86.ActiveCfg = Debug|x86
		{FC756E05-E34D-4C35-9B61-5A800CDBDB19}.Debug|x86.Build.0 = Debug|x86
		{FC756E05-E34D-4C35-9B61-5A800CDBDB19}.Release|x86.ActiveCfg = Release|x86
		{FC756E05-E34D-4C35-9B61-5A800CDBDB19}.Release|x86.Build.0 = Release|x86
		{315EAE8B-57C5-45F9-BB2D-283566A63079}.Debug|x86.ActiveCfg = Debug|x86
		{315EAE8B-57C5-45F9-BB2D-283566A63079}.Debug|x86.Build.0 = Debug|x86
		{315EAE8B-57C5-45F9-BB2D-283566A63079}.Release|x86.ActiveCfg = Release|x86
		{315EAE8B-57C5-45F9-BB2D-283566A63079}.Release|x86.Build.0 = Release|x86
		{BF99CB91-4AA2-4861-90C1-6C199E750DB4}.Debug|x86.ActiveCfg = Debug|x86
		{BF99CB91-4AA2-4861-90C1-6C199E750DB4}.Debug|x86.Build.0 = Debug|x86
		{BF99CB91-4AA2-4861-90C1-6C199E750DB4}.Release|x86.ActiveCfg = Release|x86
		{BF99CB91-4AA2-4861-90C1-6C199E750DB4}.Release|x86.Build.0 = Release|x86
		{5E511470-6B80-490A-906F-B8472F979CB3}.Debug|x86.ActiveCfg = Debug|x86
		{5E511470-6B80-490A-906F-B8472F979CB3}.Debug|x86.Build.0 = Debug|x86
		{5E511470-6B80-490A-906F-B8472F979CB3}.Release|x86.ActiveCfg = Release|x86
		{5E511470-6B80-490A-906F-B8472F979CB3}.Release|x86.Build.0 = Release|x86
		{AAEA20E2-B769-4948-9668-785877DD772F}.Debug|x86.ActiveCfg = Debug|x86
		{AAEA20E2-B769-4948-9668-785877DD772F}.Debug|x86.Build.0 = Debug|x86
		{AAEA20E2-B769-4948-9668-785877DD772F}.Release|x86.ActiveCfg = Release|x86
		{AAEA20E2-B769-4948-9668-785877DD772F}.Release|x86.Build.0 = Release|x86
		{035C348C-2E96-43F4-927F-9DA069A3CD0E}.Debug|x86.ActiveCfg = Debug|x86
		{035C348C-2E96-43F4-927F-9DA069A3CD0E}.Debug|x86.Build.0 = Debug|x86
		{035C348C-2E96-43F4-927F-9DA069A3CD0E}.Release|x86.ActiveCfg = Release|x86
		{035C348C-2E96-43F4-927F-9DA069A3CD0E}.Release|x86.Build.0 = Release|x86
		{D38C75E2-5EB6-4782-B7D3-B3EABA65E132}.Debug|x86.ActiveCfg = Debug|x86
		{D38C75E2-5EB6-4782-B7D3-B3EABA65E132}.Debug|x86.Build.0 = Debug|x86
		{D38C75E2-5EB6-4782-B7D3-B3EABA65E132}.Release|x86.ActiveCfg = Release|x86
		{D38C75E2-5EB6-4782-B7D3-B3EABA65E132}.Release|x86.Build.0 = Release|x86
		{C340B283-0E12-4248-BEE0-CB19C5C5CDE4}.Debug|x86.ActiveCfg = Debug|x86
		{C340B283-0E12-4248-BEE0-CB19C5C5CDE4}.Debug|x86.Build.0 = Debug|x86
		{C340B283-0E12-4248-BEE0-CB19C5C5CDE4}.Release|x86.ActiveCfg = Release|x86
		{C340B283-0E12-4248-BEE0-CB19C5C5CDE4}.Release|x86.Build.0 = Release|x86
		{283A7697-F41E-41CD-A451-CCD6202060A6}.Debug|x86.ActiveCfg = Debug|x86
		{283A7697-F41E-41CD-A451-CCD6202060A6}.Debug|x86.Build.0 = Debug|x86
		{283A7697-F41E-41CD-A451-CCD6202060A6}.Release|x86.ActiveCfg = Release|x86
		{283A7697-F41E-41CD-A451-CCD6202060A6}.Release|x86.Build.0 = Release|x86
		{908CDDB6-CC42-4DCB-BBDE-56668B25F471}.Debug|x86.ActiveCfg = Debug|x86
		{908CDDB6-CC42-4DCB-BBDE-56668B25F471}.Debug|x86.Build.0 = Debug|x86
		{908CDDB6-CC42-4DCB-BBDE-56668B25F471}.Release|x86.ActiveCfg = Release|x86
		{908CDDB6-CC42-4DCB-BBDE-56668B25F471}.Release|x86.Build.0 = Release|x86
		{D45298EE-2CF2-4CB6-8D53-F1F5C44C253D}.Debug|x86.ActiveCfg = Debug|x86
		{D45298EE-2CF2-4CB6-8D53-F1F5C44C253D}.Debug|x86.Build.0 = Debug|x86
		{D45298EE-2CF2-4CB6-8D53-F1F5C44C253D}.Release|x86.ActiveCfg = Release|x86
		{D45298EE-2CF2-4CB6-8D53-F1F5C44C253D}.Release|x86.Build.0 = Release|x86
		{798D4055-9CE5-46CB-B6FB-4005417F33F1}.Debug|x86.ActiveCfg = Debug|x86
		{798D4055-9CE5-46CB-B6FB-4005417F33F1}.Debug|x86.Build.0 = Debug|x86
		{798D4055-9CE5-46CB-B6FB-4005417F33F1}.Release|x86.ActiveCfg = Release|x86
		{798D4055-9CE5-46CB-B6FB-4005417F33F1}.Release|x86.Build.0 = Release|x86
		{A38AD040-1F92-45D8-B8C6-491A5C761E74}.Debug|x86.ActiveCfg = Debug|x86
		{A38AD040-1F92-45D8-B8C6-491A5C761E74}.Debug|x86.Build.0 = Debug|x86
		{A38AD040-1F92-45D8-B8C6-491A5C761E74}.Release|x86.ActiveCfg = Release|x86
		{A38AD040-1F92-45D8-B8C6-491A5C761E74}.Release|x86.Build.0 = Release|x86
		{F87A7BF9-1CD0-422E-919E-FF2B74A2F1EC}.Debug|x86.ActiveCfg = Debug|x86
		{F87A7BF9-1CD0-422E-919E-FF2B74A2F1EC}.Debug|x86.Build.0 = Debug|x86
		{F87A7BF9-1CD0-422E-919E-FF2B74A2F1EC}.Release|x86.ActiveCfg = Release|x86
		{F87A7BF9-1CD0-422E-919E-FF2B74A2F1EC}.Release|x86.Build.0 = Release|x86
	EndGlobalSection
	GlobalSection(SolutionProperties) = preSolution
		HideSolutionNode = FALSE
	EndGlobalSection
EndGlobal
